hash: a99acd1da23a704a5a81a4390e7ad3de1362764b175b5e1a9e9452195a7c6812
updated: 2017-04-12T09:43:44.462291269-04:00
imports:
- name: github.com/cucumber/gherkin-go
  version: b4fe8f6d1dc26a0b1fb8e677244aa8f775a944f3
- name: github.com/kindrid/gotest
  version: cbeaae9ff51b4f8e7dd4d0ce6e8e0c09e20a2380
- name: github.com/valyala/quicktemplate
  version: de41ba48f1d9953aca12983c953532f3776b4347
  subpackages:
  - qtc
testImports: []
